
Microsoft Visual Studio Solution File, Format Version 12.00
Project("{FAE04EC0-301F-11D3-BF4B-00C04F79EFBC}") = "ScemaTest", "ScemaTest\ScemaTest.csproj", "{7688672B-0B2A-408C-A682-BBE22D6FEDA1}"
EndProject
Global
	GlobalSection(SolutionConfigurationPlatforms) = preSolution
		Debug|Any CPU = Debug|Any CPU
		Release|Any CPU = Release|Any CPU
	EndGlobalSection
	GlobalSection(ProjectConfigurationPlatforms) = postSolution
		{7688672B-0B2A-408C-A682-BBE22D6FEDA1}.Debug|Any CPU.ActiveCfg = Debug|Any CPU
		{7688672B-0B2A-408C-A682-BBE22D6FEDA1}.Debug|Any CPU.Build.0 = Debug|Any CPU
		{7688672B-0B2A-408C-A682-BBE22D6FEDA1}.Release|Any CPU.ActiveCfg = Release|Any CPU
		{7688672B-0B2A-408C-A682-BBE22D6FEDA1}.Release|Any CPU.Build.0 = Release|Any CPU
	EndGlobalSection
EndGlobal
